// !$*UTF8*$!
{
	archiveVersion = 1;
	classes = {
	};
	objectVersion = 46;
	objects = {

/* Begin PBXBuildFile section */
		F1CF21681EC2E54500F31653 /* AppDelegate.swift in Sources */ = {isa = PBXBuildFile; fileRef = F1CF21671EC2E54500F31653 /* AppDelegate.swift */; };
		F1CF216A1EC2E54500F31653 /* ViewController.swift in Sources */ = {isa = PBXBuildFile; fileRef = F1CF21691EC2E54500F31653 /* ViewController.swift */; };
		F1CF216D1EC2E54500F31653 /* Main.storyboard in Resources */ = {isa = PBXBuildFile; fileRef = F1CF216B1EC2E54500F31653 /* Main.storyboard */; };
		F1CF216F1EC2E54500F31653 /* Assets.xcassets in Resources */ = {isa = PBXBuildFile; fileRef = F1CF216E1EC2E54500F31653 /* Assets.xcassets */; };
		F1CF21721EC2E54500F31653 /* LaunchScreen.storyboard in Resources */ = {isa = PBXBuildFile; fileRef = F1CF21701EC2E54500F31653 /* LaunchScreen.storyboard */; };
		F1CF217B1EC2E61D00F31653 /* sample.png in Resources */ = {isa = PBXBuildFile; fileRef = F1CF21791EC2E61D00F31653 /* sample.png */; };
		F1CF217C1EC2E61D00F31653 /* sign.png in Resources */ = {isa = PBXBuildFile; fileRef = F1CF217A1EC2E61D00F31653 /* sign.png */; };
/* End PBXBuildFile section */

/* Begin PBXFileReference section */
		F1CF21641EC2E54500F31653 /* MergeImages.app */ = {isa = PBXFileReference; explicitFileType = wrapper.application; includeInIndex = 0; path = MergeImages.app; sourceTree = BUILT_PRODUCTS_DIR; };
		F1CF21671EC2E54500F31653 /* AppDelegate.swift */ = {isa = PBXFileReference; lastKnownFileType = sourcecode.swift; path = AppDelegate.swift; sourceTree = "<group>"; };
		F1CF21691EC2E54500F31653 /* ViewController.swift */ = {isa = PBXFileReference; lastKnownFileType = sourcecode.swift; path = ViewController.swift; sourceTree = "<group>"; };
		F1CF216C1EC2E54500F31653 /* Base */ = {isa = PBXFileReference; lastKnownFileType = file.storyboard; name = Base; path = Base.lproj/Main.storyboard; sourceTree = "<group>"; };
		F1CF216E1EC2E54500F31653 /* Assets.xcassets */ = {isa = PBXFileReference; lastKnownFileType = folder.assetcatalog; path = Assets.xcassets; sourceTree = "<group>"; };
		F1CF21711EC2E54500F31653 /* Base */ = {isa = PBXFileReference; lastKnownFileType = file.storyboard; name = Base; path = Base.lproj/LaunchScreen.storyboard; sourceTree = "<group>"; };
		F1CF21731EC2E54500F31653 /* Info.plist */ = {isa = PBXFileReference; lastKnownFileType = text.plist.xml; path = Info.plist; sourceTree = "<group>"; };
		F1CF21791EC2E61D00F31653 /* sample.png */ = {isa = PBXFileReference; lastKnownFileType = image.png; path = sample.png; sourceTree = "<group>"; };
		F1CF217A1EC2E61D00F31653 /* sign.png */ = {isa = PBXFileReference; lastKnownFileType = image.png; path = sign.png; sourceTree = "<group>"; };
/* End PBXFileReference section */

/* Begin PBXFrameworksBuildPhase section */
		F1CF21611EC2E54500F31653 /* Frameworks */ = {
			isa = PBXFrameworksBuildPhase;
			buildActionMask = 2147483647;
			files = (
			);
			runOnlyForDeploymentPostprocessing = 0;
		};
/* End PBXFrameworksBuildPhase section */

/* Begin PBXGroup section */
		F1CF215B1EC2E54500F31653 = {
			isa = PBXGroup;
			children = (
				F1CF21661EC2E54500F31653 /* MergeImages */,
				F1CF21651EC2E54500F31653 /* Products */,
			);
			sourceTree = "<group>";
		};
		F1CF21651EC2E54500F31653 /* Products */ = {
			isa = PBXGroup;
			children = (
				F1CF21641EC2E54500F31653 /* MergeImages.app */,
			);
			name = Products;
			sourceTree = "<group>";
		};
		F1CF21661EC2E54500F31653 /* MergeImages */ = {
			isa = PBXGroup;
			children = (
				F1CF21791EC2E61D00F31653 /* sample.png */,
				F1CF217A1EC2E61D00F31653 /* sign.png */,
				F1CF21671EC2E54500F31653 /* AppDelegate.swift */,
				F1CF21691EC2E54500F31653 /* ViewController.swift */,
				F1CF216B1EC2E54500F31653 /* Main.storyboard */,
				F1CF216E1EC2E54500F31653 /* Assets.xcassets */,
				F1CF21701EC2E54500F31653 /* LaunchScreen.storyboard */,
				F1CF21731EC2E54500F31653 /* Info.plist */,
			);
			path = MergeImages;
			sourceTree = "<group>";
		};
/* End PBXGroup section */

/* Begin PBXNativeTarget section */
		F1CF21631EC2E54500F31653 /* MergeImages */ = {
			isa = PBXNativeTarget;
			buildConfigurationList = F1CF21761EC2E54500F31653 /* Build configuration list for PBXNativeTarget "MergeImages" */;
			buildPhases = (
				F1CF21601EC2E54500F31653 /* Sources */,
				F1CF21611EC2E54500F31653 /* Frameworks */,
				F1CF21621EC2E54500F31653 /* Resources */,
			);
			buildRules = (
			);
			dependencies = (
			);
			name = MergeImages;
			productName = MergeImages;
			productReference = F1CF21641EC2E54500F31653 /* MergeImages.app */;
			productType = "com.apple.product-type.application";
		};
/* End PBXNativeTarget section */

/* Begin PBXProject section */
		F1CF215C1EC2E54500F31653 /* Project object */ = {
			isa = PBXProject;
			attributes = {
				LastSwiftUpdateCheck = 0830;
				LastUpgradeCheck = 0830;
				ORGANIZATIONNAME = "eGov Tech Labs";
				TargetAttributes = {
					F1CF21631EC2E54500F31653 = {
						CreatedOnToolsVersion = 8.3;
						ProvisioningStyle = Automatic;
					};
				};
			};
			buildConfigurationList = F1CF215F1EC2E54500F31653 /* Build configuration list for PBXProject "MergeImages" */;
			compatibilityVersion = "Xcode 3.2";
			developmentRegion = English;
			hasScannedForEncodings = 0;
			knownRegions = (
				en,
				Base,
			);
			mainGroup = F1CF215B1EC2E54500F31653;
			productRefGroup = F1CF21651EC2E54500F31653 /* Products */;
			projectDirPath = "";
			projectRoot = "";
			targets = (
				F1CF21631EC2E54500F31653 /* MergeImages */,
			);
		};
/* End PBXProject section */

/* Begin PBXResourcesBuildPhase section */
		F1CF21621EC2E54500F31653 /* Resources */ = {
			isa = PBXResourcesBuildPhase;
			buildActionMask = 2147483647;
			files = (
				F1CF21721EC2E54500F31653 /* LaunchScreen.storyboard in Resources */,
				F1CF217C1EC2E61D00F31653 /* sign.png in Resources */,
				F1CF216F1EC2E54500F31653 /* Assets.xcassets in Resources */,
				F1CF216D1EC2E54500F31653 /* Main.storyboard in Resources */,
				F1CF217B1EC2E61D00F31653 /* sample.png in Resources */,
			);
			runOnlyForDeploymentPostprocessing = 0;
		};
/* End PBXResourcesBuildPhase section */

/* Begin PBXSourcesBuildPhase section */
		F1CF21601EC2E54500F31653 /* Sources */ = {
			isa = PBXSourcesBuildPhase;
			buildActionMask = 2147483647;
			files = (
				F1CF216A1EC2E54500F31653 /* ViewController.swift in Sources */,
				F1CF21681EC2E54500F31653 /* AppDelegate.swift in Sources */,
			);
			runOnlyForDeploymentPostprocessing = 0;
		};
/* End PBXSourcesBuildPhase section */

/* Begin PBXVariantGroup section */
		F1CF216B1EC2E54500F31653 /* Main.storyboard */ = {
			isa = PBXVariantGroup;
			children = (
				F1CF216C1EC2E54500F31653 /* Base */,
			);
			name = Main.storyboard;
			sourceTree = "<group>";
		};
		F1CF21701EC2E54500F31653 /* LaunchScreen.storyboard */ = {
			isa = PBXVariantGroup;
			children = (
				F1CF21711EC2E54500F31653 /* Base */,
			);
			name = LaunchScreen.storyboard;
			sourceTree = "<group>";
		};
/* End PBXVariantGroup section */

/* Begin XCBuildConfiguration section */
		F1CF21741EC2E54500F31653 /* Debug */ = {
			isa = XCBuildConfiguration;
			buildSettings = {
				ALWAYS_SEARCH_USER_PATHS = NO;
				CLANG_ANALYZER_NONNULL = YES;
				CLANG_ANALYZER_NUMBER_OBJECT_CONVERSION = YES_AGGRESSIVE;
				CLANG_CXX_LANGUAGE_STANDARD = "gnu++0x";
				CLANG_CXX_LIBRARY = "libc++";
				CLANG_ENABLE_MODULES = YES;
				CLANG_ENABLE_OBJC_ARC = YES;
				CLANG_WARN_BOOL_CONVERSION = YES;
				CLANG_WARN_CONSTANT_CONVERSION = YES;
				CLANG_WARN_DIRECT_OBJC_ISA_USAGE = YES_ERROR;
				CLANG_WARN_DOCUMENTATION_COMMENTS = YES;
				CLANG_WARN_EMPTY_BODY = YES;
				CLANG_WARN_ENUM_CONVERSION = YES;
				CLANG_WARN_INFINITE_RECURSION = YES;
				CLANG_WARN_INT_CONVERSION = YES;
				CLANG_WARN_OBJC_ROOT_CLASS = YES_ERROR;
				CLANG_WARN_SUSPICIOUS_MOVE = YES;
				CLANG_WARN_UNREACHABLE_CODE = YES;
				CLANG_WARN__DUPLICATE_METHOD_MATCH = YES;
				"CODE_SIGN_IDENTITY[sdk=iphoneos*]" = "iPhone Developer";
				COPY_PHASE_STRIP = NO;
				DEBUG_INFORMATION_FORMAT = dwarf;
				ENABLE_STRICT_OBJC_MSGSEND = YES;
				ENABLE_TESTABILITY = YES;
				GCC_C_LANGUAGE_STANDARD = gnu99;
				GCC_DYNAMIC_NO_PIC = NO;
				GCC_NO_COMMON_BLOCKS = YES;
				GCC_OPTIMIZATION_LEVEL = 0;
				GCC_PREPROCESSOR_DEFINITIONS = (
					"DEBUG=1",
					"$(inherited)",
				);
				GCC_WARN_64_TO_32_BIT_CONVERSION = YES;
				GCC_WARN_ABOUT_RETURN_TYPE = YES_ERROR;
				GCC_WARN_UNDECLARED_SELECTOR = YES;
				GCC_WARN_UNINITIALIZED_AUTOS = YES_AGGRESSIVE;
				GCC_WARN_UNUSED_FUNCTION = YES;
				GCC_WARN_UNUSED_VARIABLE = YES;
				IPHONEOS_DEPLOYMENT_TARGET = 10.3;
				MTL_ENABLE_DEBUG_INFO = YES;
				ONLY_ACTIVE_ARCH = YES;
				SDKROOT = iphoneos;
				SWIFT_ACTIVE_COMPILATION_CONDITIONS = DEBUG;
				SWIFT_OPTIMIZATION_LEVEL = "-Onone";
			};
			name = Debug;
		};
		F1CF21751EC2E54500F31653 /* Release */ = {
			isa = XCBuildConfiguration;
			buildSettings = {
				ALWAYS_SEARCH_USER_PATHS = NO;
				CLANG_ANALYZER_NONNULL = YES;
				CLANG_ANALYZER_NUMBER_OBJECT_CONVERSION = YES_AGGRESSIVE;
				CLANG_CXX_LANGUAGE_STANDARD = "gnu++0x";
				CLANG_CXX_LIBRARY = "libc++";
				CLANG_ENABLE_MODULES = YES;
				CLANG_ENABLE_OBJC_ARC = YES;
				CLANG_WARN_BOOL_CONVERSION = YES;
				CLANG_WARN_CONSTANT_CONVERSION = YES;
				CLANG_WARN_DIRECT_OBJC_ISA_USAGE = YES_ERROR;
				CLANG_WARN_DOCUMENTATION_COMMENTS = YES;
				CLANG_WARN_EMPTY_BODY = YES;
				CLANG_WARN_ENUM_CONVERSION = YES;
				CLANG_WARN_INFINITE_RECURSION = YES;
				CLANG_WARN_INT_CONVERSION = YES;
				CLANG_WARN_OBJC_ROOT_CLASS = YES_ERROR;
				CLANG_WARN_SUSPICIOUS_MOVE = YES;
				CLANG_WARN_UNREACHABLE_CODE = YES;
				CLANG_WARN__DUPLICATE_METHOD_MATCH = YES;
				"CODE_SIGN_IDENTITY[sdk=iphoneos*]" = "iPhone Developer";
				COPY_PHASE_STRIP = NO;
				DEBUG_INFORMATION_FORMAT = "dwarf-with-dsym";
				ENABLE_NS_ASSERTIONS = NO;
				ENABLE_STRICT_OBJC_MSGSEND = YES;
				GCC_C_LANGUAGE_STANDARD = gnu99;
				GCC_NO_COMMON_BLOCKS = YES;
				GCC_WARN_64_TO_32_BIT_CONVERSION = YES;
				GCC_WARN_ABOUT_RETURN_TYPE = YES_ERROR;
				GCC_WARN_UNDECLARED_SELECTOR = YES;
				GCC_WARN_UNINITIALIZED_AUTOS = YES_AGGRESSIVE;
				GCC_WARN_UNUSED_FUNCTION = YES;
				GCC_WARN_UNUSED_VARIABLE = YES;
				IPHONEOS_DEPLOYMENT_TARGET = 10.3;
				MTL_ENABLE_DEBUG_INFO = NO;
				SDKROOT = iphoneos;
				SWIFT_OPTIMIZATION_LEVEL = "-Owholemodule";
				VALIDATE_PRODUCT = YES;
			};
			name = Release;
		};
		F1CF21771EC2E54500F31653 /* Debug */ = {
			isa = XCBuildConfiguration;
			buildSettings = {
				ASSETCATALOG_COMPILER_APPICON_NAME = AppIcon;
				INFOPLIST_FILE = MergeImages/Info.plist;
				LD_RUNPATH_SEARCH_PATHS = "$(inherited) @executable_path/Frameworks";
				PRODUCT_BUNDLE_IDENTIFIER = com.hemangshah.MergeImages;
				PRODUCT_NAME = "$(TARGET_NAME)";
				SWIFT_VERSION = 3.0;
			};
			name = Debug;
		};
		F1CF21781EC2E54500F31653 /* Release */ = {
			isa = XCBuildConfiguration;
			buildSettings = {
				ASSETCATALOG_COMPILER_APPICON_NAME = AppIcon;
				INFOPLIST_FILE = MergeImages/Info.plist;
				LD_RUNPATH_SEARCH_PATHS = "$(inherited) @executable_path/Frameworks";
				PRODUCT_BUNDLE_IDENTIFIER = com.hemangshah.MergeImages;
				PRODUCT_NAME = "$(TARGET_NAME)";
				SWIFT_VERSION = 3.0;
			};
			name = Release;
		};
/* End XCBuildConfiguration section */

/* Begin XCConfigurationList section */
		F1CF215F1EC2E54500F31653 /* Build configuration list for PBXProject "MergeImages" */ = {
			isa = XCConfigurationList;
			buildConfigurations = (
				F1CF21741EC2E54500F31653 /* Debug */,
				F1CF21751EC2E54500F31653 /* Release */,
			);
			defaultConfigurationIsVisible = 0;
			defaultConfigurationName = Release;
		};
		F1CF21761EC2E54500F31653 /* Build configuration list for PBXNativeTarget "MergeImages" */ = {
			isa = XCConfigurationList;
			buildConfigurations = (
				F1CF21771EC2E54500F31653 /* Debug */,
				F1CF21781EC2E54500F31653 /* Release */,
			);
			defaultConfigurationIsVisible = 0;
		};
/* End XCConfigurationList section */
	};
	rootObject = F1CF215C1EC2E54500F31653 /* Project object */;
}
